github.com/iVitaliya/colors-go v0.0.0-20220811123250-641c37bf0b3d h1:uVBWcZEv75AOulvgVTd6SVpT2mgOvV+4GTMO9/qFbOg=
github.com/iVitaliya/colors-go v0.0.0-20220811123250-641c37bf0b3d/go.mod h1:7uOhJyOcGvHdMIITKZmkKritxYutDUAsHL071aCNtc8=
github.com/mattn/go-isatty v0.0.14 h1:yVuAays6BHfxijgZPzw+3Zlu5yQgKGP2/hcQbHb7S9Y=
github.com/mattn/go-isatty v0.0.14/go.mod h1:7GGIvUiUoEMVVmxf/4nioHXj79iQHKdU27kJ6hsGG94=
github.com/nu7hatch/gouuid v0.0.0-20131221200532-179d4d0c4d8d h1:VhgPp6v9qf9Agr/56bj7Y/xa04UccTW04VP0Qed4vnQ=
github.com/nu7hatch/gouuid v0.0.0-20131221200532-179d4d0c4d8d/go.mod h1:YUTz3bUH2ZwIWBy3CJBeOBEugqcmXREj14T+iG/4k4U=
golang.org/x/sys v0.0.0-20210630005230-0f9fa26af87c h1:F1jZWGFhYfh0Ci55sIpILtKKK8p3i2/krTr0H1rg74I=
golang.org/x/sys v0.0.0-20210630005230-0f9fa26af87c/go.mod h1:oPkhp1MJrh7nUepCBck5+mAzfO9JrbApNNgaTdGDITg=
gopkg.in/toast.v1 v1.0.0-20180812000517-0a84660828b2 h1:MZF6J7CV6s/h0HBkfqebrYfKCVEo5iN+wzE4QhV3Evo=
gopkg.in/toast.v1 v1.0.0-20180812000517-0a84660828b2/go.mod h1:s1Sn2yZos05Qfs7NKt867Xe18emOmtsO3eAKbDaon0o=
